
Microsoft Visual Studio Solution File, Format Version 12.00
# Visual Studio Version 17
VisualStudioVersion = 17.13.35913.81
MinimumVisualStudioVersion = 10.0.40219.1
Project("{FAE04EC0-301F-11D3-BF4B-00C04F79EFBC}") = "HexiSure.WPF", "HexiSure.WPF\HexiSure.WPF.csproj", "{8B0A0B9F-F906-416A-9961-DEA08E08BC76}"
EndProject
Project("{FAE04EC0-301F-11D3-BF4B-00C04F79EFBC}") = "HexiSure.Domain", "HexiSure.Domain\HexiSure.Domain.csproj", "{A2DCCB6F-1264-4263-90A5-577BFB002BF4}"
EndProject
Project("{FAE04EC0-301F-11D3-BF4B-00C04F79EFBC}") = "HexiSure.Application", "HexiSure.Application\HexiSure.Application.csproj", "{77CE942E-9F65-4092-8EAA-B1BB6C380B98}"
EndProject
Project("{FAE04EC0-301F-11D3-BF4B-00C04F79EFBC}") = "HexiSure.Infrastructure", "HexiSure.Infrastructure\HexiSure.Infrastructure.csproj", "{CF3AC344-13C9-4C75-AA53-7A5876F1149F}"
EndProject
Global
	GlobalSection(SolutionConfigurationPlatforms) = preSolution
		Debug|Any CPU = Debug|Any CPU
		Release|Any CPU = Release|Any CPU
	EndGlobalSection
	GlobalSection(ProjectConfigurationPlatforms) = postSolution
		{8B0A0B9F-F906-416A-9961-DEA08E08BC76}.Debug|Any CPU.ActiveCfg = Debug|Any CPU
		{8B0A0B9F-F906-416A-9961-DEA08E08BC76}.Debug|Any CPU.Build.0 = Debug|Any CPU
		{8B0A0B9F-F906-416A-9961-DEA08E08BC76}.Release|Any CPU.ActiveCfg = Release|Any CPU
		{8B0A0B9F-F906-416A-9961-DEA08E08BC76}.Release|Any CPU.Build.0 = Release|Any CPU
		{A2DCCB6F-1264-4263-90A5-577BFB002BF4}.Debug|Any CPU.ActiveCfg = Debug|Any CPU
		{A2DCCB6F-1264-4263-90A5-577BFB002BF4}.Debug|Any CPU.Build.0 = Debug|Any CPU
		{A2DCCB6F-1264-4263-90A5-577BFB002BF4}.Release|Any CPU.ActiveCfg = Release|Any CPU
		{A2DCCB6F-1264-4263-90A5-577BFB002BF4}.Release|Any CPU.Build.0 = Release|Any CPU
		{77CE942E-9F65-4092-8EAA-B1BB6C380B98}.Debug|Any CPU.ActiveCfg = Debug|Any CPU
		{77CE942E-9F65-4092-8EAA-B1BB6C380B98}.Debug|Any CPU.Build.0 = Debug|Any CPU
		{77CE942E-9F65-4092-8EAA-B1BB6C380B98}.Release|Any CPU.ActiveCfg = Release|Any CPU
		{77CE942E-9F65-4092-8EAA-B1BB6C380B98}.Release|Any CPU.Build.0 = Release|Any CPU
		{CF3AC344-13C9-4C75-AA53-7A5876F1149F}.Debug|Any CPU.ActiveCfg = Debug|Any CPU
		{CF3AC344-13C9-4C75-AA53-7A5876F1149F}.Debug|Any CPU.Build.0 = Debug|Any CPU
		{CF3AC344-13C9-4C75-AA53-7A5876F1149F}.Release|Any CPU.ActiveCfg = Release|Any CPU
		{CF3AC344-13C9-4C75-AA53-7A5876F1149F}.Release|Any CPU.Build.0 = Release|Any CPU
	EndGlobalSection
	GlobalSection(SolutionProperties) = preSolution
		HideSolutionNode = FALSE
	EndGlobalSection
	GlobalSection(ExtensibilityGlobals) = postSolution
		SolutionGuid = {9915C909-21B2-4065-93AF-9C66465CE7AE}
	EndGlobalSection
EndGlobal
